
Microsoft Visual Studio Solution File, Format Version 12.00
# Visual Studio Version 17
VisualStudioVersion = 17.0.31912.275
MinimumVisualStudioVersion = 10.0.40219.1
Project("{FAE04EC0-301F-11D3-BF4B-00C04F79EFBC}") = "Ex1", "Ex1\Ex1.csproj", "{90E4BA6E-F42A-45AC-9EAB-EF81F6AE496C}"
EndProject
Project("{FAE04EC0-301F-11D3-BF4B-00C04F79EFBC}") = "Chernyshev", "SimpleHelperProgram\Chernyshev.csproj", "{BAC3575A-4828-43FE-9F38-5B58805124D8}"
EndProject
Global
	GlobalSection(SolutionConfigurationPlatforms) = preSolution
		Debug|Any CPU = Debug|Any CPU
		Release|Any CPU = Release|Any CPU
	EndGlobalSection
	GlobalSection(ProjectConfigurationPlatforms) = postSolution
		{90E4BA6E-F42A-45AC-9EAB-EF81F6AE496C}.Debug|Any CPU.ActiveCfg = Debug|Any CPU
		{90E4BA6E-F42A-45AC-9EAB-EF81F6AE496C}.Debug|Any CPU.Build.0 = Debug|Any CPU
		{90E4BA6E-F42A-45AC-9EAB-EF81F6AE496C}.Release|Any CPU.ActiveCfg = Release|Any CPU
		{90E4BA6E-F42A-45AC-9EAB-EF81F6AE496C}.Release|Any CPU.Build.0 = Release|Any CPU
		{BAC3575A-4828-43FE-9F38-5B58805124D8}.Debug|Any CPU.ActiveCfg = Debug|Any CPU
		{BAC3575A-4828-43FE-9F38-5B58805124D8}.Debug|Any CPU.Build.0 = Debug|Any CPU
		{BAC3575A-4828-43FE-9F38-5B58805124D8}.Release|Any CPU.ActiveCfg = Release|Any CPU
		{BAC3575A-4828-43FE-9F38-5B58805124D8}.Release|Any CPU.Build.0 = Release|Any CPU
	EndGlobalSection
	GlobalSection(SolutionProperties) = preSolution
		HideSolutionNode = FALSE
	EndGlobalSection
	GlobalSection(ExtensibilityGlobals) = postSolution
		SolutionGuid = {CFFBBE74-DF79-4759-AF32-1704D61A302E}
	EndGlobalSection
EndGlobal
